// !$*UTF8*$!
{
	archiveVersion = 1;
	classes = {
	};
	objectVersion = 50;
	objects = {

/* Begin PBXBuildFile section */
		8A9327B922D7703000E352AE /* AppDelegate.swift in Sources */ = {isa = PBXBuildFile; fileRef = 8A9327B822D7703000E352AE /* AppDelegate.swift */; };
		8A9327BB22D7703000E352AE /* ViewController.swift in Sources */ = {isa = PBXBuildFile; fileRef = 8A9327BA22D7703000E352AE /* ViewController.swift */; };
		8A9327BE22D7703000E352AE /* Main.storyboard in Resources */ = {isa = PBXBuildFile; fileRef = 8A9327BC22D7703000E352AE /* Main.storyboard */; };
		8A9327C122D7703000E352AE /* GitIgnore.xcdatamodeld in Sources */ = {isa = PBXBuildFile; fileRef = 8A9327BF22D7703000E352AE /* GitIgnore.xcdatamodeld */; };
		8A9327C322D7703100E352AE /* Assets.xcassets in Resources */ = {isa = PBXBuildFile; fileRef = 8A9327C222D7703100E352AE /* Assets.xcassets */; };
		8A9327C622D7703100E352AE /* LaunchScreen.storyboard in Resources */ = {isa = PBXBuildFile; fileRef = 8A9327C422D7703100E352AE /* LaunchScreen.storyboard */; };
/* End PBXBuildFile section */

/* Begin PBXFileReference section */
		8A9327B522D7703000E352AE /* GitIgnore.app */ = {isa = PBXFileReference; explicitFileType = wrapper.application; includeInIndex = 0; path = GitIgnore.app; sourceTree = BUILT_PRODUCTS_DIR; };
		8A9327B822D7703000E352AE /* AppDelegate.swift */ = {isa = PBXFileReference; lastKnownFileType = sourcecode.swift; path = AppDelegate.swift; sourceTree = "<group>"; };
		8A9327BA22D7703000E352AE /* ViewController.swift */ = {isa = PBXFileReference; lastKnownFileType = sourcecode.swift; path = ViewController.swift; sourceTree = "<group>"; };
		8A9327BD22D7703000E352AE /* Base */ = {isa = PBXFileReference; lastKnownFileType = file.storyboard; name = Base; path = Base.lproj/Main.storyboard; sourceTree = "<group>"; };
		8A9327C022D7703000E352AE /* GitIgnore.xcdatamodel */ = {isa = PBXFileReference; lastKnownFileType = wrapper.xcdatamodel; path = GitIgnore.xcdatamodel; sourceTree = "<group>"; };
		8A9327C222D7703100E352AE /* Assets.xcassets */ = {isa = PBXFileReference; lastKnownFileType = folder.assetcatalog; path = Assets.xcassets; sourceTree = "<group>"; };
		8A9327C522D7703100E352AE /* Base */ = {isa = PBXFileReference; lastKnownFileType = file.storyboard; name = Base; path = Base.lproj/LaunchScreen.storyboard; sourceTree = "<group>"; };
		8A9327C722D7703100E352AE /* Info.plist */ = {isa = PBXFileReference; lastKnownFileType = text.plist.xml; path = Info.plist; sourceTree = "<group>"; };
/* End PBXFileReference section */

/* Begin PBXFrameworksBuildPhase section */
		8A9327B222D7703000E352AE /* Frameworks */ = {
			isa = PBXFrameworksBuildPhase;
			buildActionMask = 2147483647;
			files = (
			);
			runOnlyForDeploymentPostprocessing = 0;
		};
/* End PBXFrameworksBuildPhase section */

/* Begin PBXGroup section */
		8A9327AC22D7703000E352AE = {
			isa = PBXGroup;
			children = (
				8A9327B722D7703000E352AE /* GitIgnore */,
				8A9327B622D7703000E352AE /* Products */,
			);
			sourceTree = "<group>";
		};
		8A9327B622D7703000E352AE /* Products */ = {
			isa = PBXGroup;
			children = (
				8A9327B522D7703000E352AE /* GitIgnore.app */,
			);
			name = Products;
			sourceTree = "<group>";
		};
		8A9327B722D7703000E352AE /* GitIgnore */ = {
			isa = PBXGroup;
			children = (
				8A9327B822D7703000E352AE /* AppDelegate.swift */,
				8A9327BA22D7703000E352AE /* ViewController.swift */,
				8A9327BC22D7703000E352AE /* Main.storyboard */,
				8A9327C222D7703100E352AE /* Assets.xcassets */,
				8A9327C422D7703100E352AE /* LaunchScreen.storyboard */,
				8A9327C722D7703100E352AE /* Info.plist */,
				8A9327BF22D7703000E352AE /* GitIgnore.xcdatamodeld */,
			);
			path = GitIgnore;
			sourceTree = "<group>";
		};
/* End PBXGroup section */

/* Begin PBXNativeTarget section */
		8A9327B422D7703000E352AE /* GitIgnore */ = {
			isa = PBXNativeTarget;
			buildConfigurationList = 8A9327CA22D7703100E352AE /* Build configuration list for PBXNativeTarget "GitIgnore" */;
			buildPhases = (
				8A9327B122D7703000E352AE /* Sources */,
				8A9327B222D7703000E352AE /* Frameworks */,
				8A9327B322D7703000E352AE /* Resources */,
			);
			buildRules = (
			);
			dependencies = (
			);
			name = GitIgnore;
			productName = GitIgnore;
			productReference = 8A9327B522D7703000E352AE /* GitIgnore.app */;
			productType = "com.apple.product-type.application";
		};
/* End PBXNativeTarget section */

/* Begin PBXProject section */
		8A9327AD22D7703000E352AE /* Project object */ = {
			isa = PBXProject;
			attributes = {
				LastSwiftUpdateCheck = 1020;
				LastUpgradeCheck = 1020;
				ORGANIZATIONNAME = "Rohit Makwana";
				TargetAttributes = {
					8A9327B422D7703000E352AE = {
						CreatedOnToolsVersion = 10.2;
					};
				};
			};
			buildConfigurationList = 8A9327B022D7703000E352AE /* Build configuration list for PBXProject "GitIgnore" */;
			compatibilityVersion = "Xcode 9.3";
			developmentRegion = en;
			hasScannedForEncodings = 0;
			knownRegions = (
				en,
				Base,
			);
			mainGroup = 8A9327AC22D7703000E352AE;
			productRefGroup = 8A9327B622D7703000E352AE /* Products */;
			projectDirPath = "";
			projectRoot = "";
			targets = (
				8A9327B422D7703000E352AE /* GitIgnore */,
			);
		};
/* End PBXProject section */

/* Begin PBXResourcesBuildPhase section */
		8A9327B322D7703000E352AE /* Resources */ = {
			isa = PBXResourcesBuildPhase;
			buildActionMask = 2147483647;
			files = (
				8A9327C622D7703100E352AE /* LaunchScreen.storyboard in Resources */,
				8A9327C322D7703100E352AE /* Assets.xcassets in Resources */,
				8A9327BE22D7703000E352AE /* Main.storyboard in Resources */,
			);
			runOnlyForDeploymentPostprocessing = 0;
		};
/* End PBXResourcesBuildPhase section */

/* Begin PBXSourcesBuildPhase section */
		8A9327B122D7703000E352AE /* Sources */ = {
			isa = PBXSourcesBuildPhase;
			buildActionMask = 2147483647;
			files = (
				8A9327BB22D7703000E352AE /* ViewController.swift in Sources */,
				8A9327B922D7703000E352AE /* AppDelegate.swift in Sources */,
				8A9327C122D7703000E352AE /* GitIgnore.xcdatamodeld in Sources */,
			);
			runOnlyForDeploymentPostprocessing = 0;
		};
/* End PBXSourcesBuildPhase section */

/* Begin PBXVariantGroup section */
		8A9327BC22D7703000E352AE /* Main.storyboard */ = {
			isa = PBXVariantGroup;
			children = (
				8A9327BD22D7703000E352AE /* Base */,
			);
			name = Main.storyboard;
			sourceTree = "<group>";
		};
		8A9327C422D7703100E352AE /* LaunchScreen.storyboard */ = {
			isa = PBXVariantGroup;
			children = (
				8A9327C522D7703100E352AE /* Base */,
			);
			name = LaunchScreen.storyboard;
			sourceTree = "<group>";
		};
/* End PBXVariantGroup section */

/* Begin XCBuildConfiguration section */
		8A9327C822D7703100E352AE /* Debug */ = {
			isa = XCBuildConfiguration;
			buildSettings = {
				ALWAYS_SEARCH_USER_PATHS = NO;
				CLANG_ANALYZER_NONNULL = YES;
				CLANG_ANALYZER_NUMBER_OBJECT_CONVERSION = YES_AGGRESSIVE;
				CLANG_CXX_LANGUAGE_STANDARD = "gnu++14";
				CLANG_CXX_LIBRARY = "libc++";
				CLANG_ENABLE_MODULES = YES;
				CLANG_ENABLE_OBJC_ARC = YES;
				CLANG_ENABLE_OBJC_WEAK = YES;
				CLANG_WARN_BLOCK_CAPTURE_AUTORELEASING = YES;
				CLANG_WARN_BOOL_CONVERSION = YES;
				CLANG_WARN_COMMA = YES;
				CLANG_WARN_CONSTANT_CONVERSION = YES;
				CLANG_WARN_DEPRECATED_OBJC_IMPLEMENTATIONS = YES;
				CLANG_WARN_DIRECT_OBJC_ISA_USAGE = YES_ERROR;
				CLANG_WARN_DOCUMENTATION_COMMENTS = YES;
				CLANG_WARN_EMPTY_BODY = YES;
				CLANG_WARN_ENUM_CONVERSION = YES;
				CLANG_WARN_INFINITE_RECURSION = YES;
				CLANG_WARN_INT_CONVERSION = YES;
				CLANG_WARN_NON_LITERAL_NULL_CONVERSION = YES;
				CLANG_WARN_OBJC_IMPLICIT_RETAIN_SELF = YES;
				CLANG_WARN_OBJC_LITERAL_CONVERSION = YES;
				CLANG_WARN_OBJC_ROOT_CLASS = YES_ERROR;
				CLANG_WARN_RANGE_LOOP_ANALYSIS = YES;
				CLANG_WARN_STRICT_PROTOTYPES = YES;
				CLANG_WARN_SUSPICIOUS_MOVE = YES;
				CLANG_WARN_UNGUARDED_AVAILABILITY = YES_AGGRESSIVE;
				CLANG_WARN_UNREACHABLE_CODE = YES;
				CLANG_WARN__DUPLICATE_METHOD_MATCH = YES;
				CODE_SIGN_IDENTITY = "iPhone Developer";
				COPY_PHASE_STRIP = NO;
				DEBUG_INFORMATION_FORMAT = dwarf;
				ENABLE_STRICT_OBJC_MSGSEND = YES;
				ENABLE_TESTABILITY = YES;
				GCC_C_LANGUAGE_STANDARD = gnu11;
				GCC_DYNAMIC_NO_PIC = NO;
				GCC_NO_COMMON_BLOCKS = YES;
				GCC_OPTIMIZATION_LEVEL = 0;
				GCC_PREPROCESSOR_DEFINITIONS = (
					"DEBUG=1",
					"$(inherited)",
				);
				GCC_WARN_64_TO_32_BIT_CONVERSION = YES;
				GCC_WARN_ABOUT_RETURN_TYPE = YES_ERROR;
				GCC_WARN_UNDECLARED_SELECTOR = YES;
				GCC_WARN_UNINITIALIZED_AUTOS = YES_AGGRESSIVE;
				GCC_WARN_UNUSED_FUNCTION = YES;
				GCC_WARN_UNUSED_VARIABLE = YES;
				IPHONEOS_DEPLOYMENT_TARGET = 12.2;
				MTL_ENABLE_DEBUG_INFO = INCLUDE_SOURCE;
				MTL_FAST_MATH = YES;
				ONLY_ACTIVE_ARCH = YES;
				SDKROOT = iphoneos;
				SWIFT_ACTIVE_COMPILATION_CONDITIONS = DEBUG;
				SWIFT_OPTIMIZATION_LEVEL = "-Onone";
			};
			name = Debug;
		};
		8A9327C922D7703100E352AE /* Release */ = {
			isa = XCBuildConfiguration;
			buildSettings = {
				ALWAYS_SEARCH_USER_PATHS = NO;
				CLANG_ANALYZER_NONNULL = YES;
				CLANG_ANALYZER_NUMBER_OBJECT_CONVERSION = YES_AGGRESSIVE;
				CLANG_CXX_LANGUAGE_STANDARD = "gnu++14";
				CLANG_CXX_LIBRARY = "libc++";
				CLANG_ENABLE_MODULES = YES;
				CLANG_ENABLE_OBJC_ARC = YES;
				CLANG_ENABLE_OBJC_WEAK = YES;
				CLANG_WARN_BLOCK_CAPTURE_AUTORELEASING = YES;
				CLANG_WARN_BOOL_CONVERSION = YES;
				CLANG_WARN_COMMA = YES;
				CLANG_WARN_CONSTANT_CONVERSION = YES;
				CLANG_WARN_DEPRECATED_OBJC_IMPLEMENTATIONS = YES;
				CLANG_WARN_DIRECT_OBJC_ISA_USAGE = YES_ERROR;
				CLANG_WARN_DOCUMENTATION_COMMENTS = YES;
				CLANG_WARN_EMPTY_BODY = YES;
				CLANG_WARN_ENUM_CONVERSION = YES;
				CLANG_WARN_INFINITE_RECURSION = YES;
				CLANG_WARN_INT_CONVERSION = YES;
				CLANG_WARN_NON_LITERAL_NULL_CONVERSION = YES;
				CLANG_WARN_OBJC_IMPLICIT_RETAIN_SELF = YES;
				CLANG_WARN_OBJC_LITERAL_CONVERSION = YES;
				CLANG_WARN_OBJC_ROOT_CLASS = YES_ERROR;
				CLANG_WARN_RANGE_LOOP_ANALYSIS = YES;
				CLANG_WARN_STRICT_PROTOTYPES = YES;
				CLANG_WARN_SUSPICIOUS_MOVE = YES;
				CLANG_WARN_UNGUARDED_AVAILABILITY = YES_AGGRESSIVE;
				CLANG_WARN_UNREACHABLE_CODE = YES;
				CLANG_WARN__DUPLICATE_METHOD_MATCH = YES;
				CODE_SIGN_IDENTITY = "iPhone Developer";
				COPY_PHASE_STRIP = NO;
				DEBUG_INFORMATION_FORMAT = "dwarf-with-dsym";
				ENABLE_NS_ASSERTIONS = NO;
				ENABLE_STRICT_OBJC_MSGSEND = YES;
				GCC_C_LANGUAGE_STANDARD = gnu11;
				GCC_NO_COMMON_BLOCKS = YES;
				GCC_WARN_64_TO_32_BIT_CONVERSION = YES;
				GCC_WARN_ABOUT_RETURN_TYPE = YES_ERROR;
				GCC_WARN_UNDECLARED_SELECTOR = YES;
				GCC_WARN_UNINITIALIZED_AUTOS = YES_AGGRESSIVE;
				GCC_WARN_UNUSED_FUNCTION = YES;
				GCC_WARN_UNUSED_VARIABLE = YES;
				IPHONEOS_DEPLOYMENT_TARGET = 12.2;
				MTL_ENABLE_DEBUG_INFO = NO;
				MTL_FAST_MATH = YES;
				SDKROOT = iphoneos;
				SWIFT_COMPILATION_MODE = wholemodule;
				SWIFT_OPTIMIZATION_LEVEL = "-O";
				VALIDATE_PRODUCT = YES;
			};
			name = Release;
		};
		8A9327CB22D7703100E352AE /* Debug */ = {
			isa = XCBuildConfiguration;
			buildSettings = {
				ASSETCATALOG_COMPILER_APPICON_NAME = AppIcon;
				CODE_SIGN_STYLE = Manual;
				DEVELOPMENT_TEAM = "";
				INFOPLIST_FILE = GitIgnore/Info.plist;
				LD_RUNPATH_SEARCH_PATHS = (
					"$(inherited)",
					"@executable_path/Frameworks",
				);
				PRODUCT_BUNDLE_IDENTIFIER = com.ios.GitIgnore;
				PRODUCT_NAME = "$(TARGET_NAME)";
				PROVISIONING_PROFILE_SPECIFIER = "";
				SWIFT_VERSION = 5.0;
				TARGETED_DEVICE_FAMILY = "1,2";
			};
			name = Debug;
		};
		8A9327CC22D7703100E352AE /* Release */ = {
			isa = XCBuildConfiguration;
			buildSettings = {
				ASSETCATALOG_COMPILER_APPICON_NAME = AppIcon;
				CODE_SIGN_STYLE = Manual;
				DEVELOPMENT_TEAM = "";
				INFOPLIST_FILE = GitIgnore/Info.plist;
				LD_RUNPATH_SEARCH_PATHS = (
					"$(inherited)",
					"@executable_path/Frameworks",
				);
				PRODUCT_BUNDLE_IDENTIFIER = com.ios.GitIgnore;
				PRODUCT_NAME = "$(TARGET_NAME)";
				PROVISIONING_PROFILE_SPECIFIER = "";
				SWIFT_VERSION = 5.0;
				TARGETED_DEVICE_FAMILY = "1,2";
			};
			name = Release;
		};
/* End XCBuildConfiguration section */

/* Begin XCConfigurationList section */
		8A9327B022D7703000E352AE /* Build configuration list for PBXProject "GitIgnore" */ = {
			isa = XCConfigurationList;
			buildConfigurations = (
				8A9327C822D7703100E352AE /* Debug */,
				8A9327C922D7703100E352AE /* Release */,
			);
			defaultConfigurationIsVisible = 0;
			defaultConfigurationName = Release;
		};
		8A9327CA22D7703100E352AE /* Build configuration list for PBXNativeTarget "GitIgnore" */ = {
			isa = XCConfigurationList;
			buildConfigurations = (
				8A9327CB22D7703100E352AE /* Debug */,
				8A9327CC22D7703100E352AE /* Release */,
			);
			defaultConfigurationIsVisible = 0;
			defaultConfigurationName = Release;
		};
/* End XCConfigurationList section */

/* Begin XCVersionGroup section */
		8A9327BF22D7703000E352AE /* GitIgnore.xcdatamodeld */ = {
			isa = XCVersionGroup;
			children = (
				8A9327C022D7703000E352AE /* GitIgnore.xcdatamodel */,
			);
			currentVersion = 8A9327C022D7703000E352AE /* GitIgnore.xcdatamodel */;
			path = GitIgnore.xcdatamodeld;
			sourceTree = "<group>";
			versionGroupType = wrapper.xcdatamodel;
		};
/* End XCVersionGroup section */
	};
	rootObject = 8A9327AD22D7703000E352AE /* Project object */;
}
